
Microsoft Visual Studio Solution File, Format Version 12.00
# Visual Studio Version 17
VisualStudioVersion = 17.4.33205.214
MinimumVisualStudioVersion = 10.0.40219.1
Project("{888888A0-9F3D-457C-B088-3A5042F75D52}") = "indeks", "indeks.pyproj", "{83327F30-D9CD-4F24-8A57-69390D84BAF6}"
EndProject
Global
	GlobalSection(SolutionConfigurationPlatforms) = preSolution
		Debug|Any CPU = Debug|Any CPU
		Release|Any CPU = Release|Any CPU
	EndGlobalSection
	GlobalSection(ProjectConfigurationPlatforms) = postSolution
		{83327F30-D9CD-4F24-8A57-69390D84BAF6}.Debug|Any CPU.ActiveCfg = Debug|Any CPU
		{83327F30-D9CD-4F24-8A57-69390D84BAF6}.Release|Any CPU.ActiveCfg = Release|Any CPU
	EndGlobalSection
	GlobalSection(SolutionProperties) = preSolution
		HideSolutionNode = FALSE
	EndGlobalSection
	GlobalSection(ExtensibilityGlobals) = postSolution
		SolutionGuid = {CCE4C8B5-E1AB-43D8-940A-C58D57F6C281}
	EndGlobalSection
EndGlobal
